{
    "_readme": [
        "This file locks the dependencies of your project to a known state",
        "Read more about it at http://getcomposer.org/doc/01-basic-usage.md#composer-lock-the-lock-file"
    ],
    "hash": "994bc7de61861f46f04e996a58b5dab5",
    "packages": [
        {
            "name": "chrisnoden/synergy",
            "version": "dev-master",
            "source": {
                "type": "git",
                "url": "https://github.com/chrisnoden/synergy.git",
                "reference": "0cb9574f8e0e3f1a4e1ca4c63c8cf2eb6de7e6c3"
            },
            "dist": {
                "type": "zip",
                "url": "https://api.github.com/repos/chrisnoden/synergy/zipball/0cb9574f8e0e3f1a4e1ca4c63c8cf2eb6de7e6c3",
                "reference": "0cb9574f8e0e3f1a4e1ca4c63c8cf2eb6de7e6c3",
                "shasum": ""
            },
            "require": {
                "ext-curl": "*",
                "ext-date": "*",
                "ext-mbstring": "*",
                "ext-pcre": "*",
                "ext-posix": "*",
                "ext-reflection": "*",
                "ext-spl": "*",
                "php": ">=5.3.21",
                "psr/log": "1.0.0",
                "symfony/config": "2.2.*",
                "symfony/http-foundation": "2.2.*",
                "symfony/routing": "2.2.*",
                "symfony/yaml": "2.2.*",
                "wp-cli/php-cli-tools": "dev-master"
            },
            "suggest": {
                "chrisnoden/talkback": ">=1.0.0",
                "mobiledetect/mobiledetectlib": "2.6.*"
            },
            "type": "library",
            "autoload": {
                "psr-0": {
                    "Synergy": "src/"
                },
                "classmap": [
                    "src/UASparser"
                ]
            },
            "notification-url": "https://packagist.org/downloads/",
            "license": [
                "Apache-2.0"
            ],
            "authors": [
                {
                    "name": "Chris Noden",
                    "email": "chris.noden@gmail.com",
                    "homepage": "http://www.chrisnoden.com"
                }
            ],
            "description": "Synergy MVC framework for rapid web development",
            "homepage": "https://github.com/chrisnoden/synergy",
            "keywords": [
                "framework",
                "mvc",
                "symfony"
            ],
            "time": "2013-06-24 17:20:58"
        },
        {
            "name": "chrisnoden/talkback",
            "version": "dev-master",
            "source": {
                "type": "git",
                "url": "https://github.com/chrisnoden/talkback.git",
                "reference": "v1.0.4"
            },
            "dist": {
                "type": "zip",
                "url": "https://api.github.com/repos/chrisnoden/talkback/zipball/v1.0.4",
                "reference": "v1.0.4",
                "shasum": ""
            },
            "require": {
                "ext-date": "*",
                "ext-mbstring": "*",
                "ext-pcre": "*",
                "ext-posix": "*",
                "ext-reflection": "*",
                "ext-spl": "*",
                "php": ">=5.3.21",
                "psr/log": "1.*"
            },
            "require-dev": {
                "wp-cli/php-cli-tools": "dev-master",
                "xenji/prowlphp": "1.*"
            },
            "suggest": {
                "wp-cli/php-cli-tools": "dev-master",
                "xenji/prowlphp": "1.0.*"
            },
            "type": "library",
            "autoload": {
                "psr-0": {
                    "Talkback": "src/"
                },
                "classmap": [
                    "src/Net_Growl",
                    "src/Net_Growl/Growl"
                ]
            },
            "notification-url": "https://packagist.org/downloads/",
            "license": [
                "Apache-2.0"
            ],
            "authors": [
                {
                    "name": "Chris Noden",
                    "email": "chris.noden@gmail.com",
                    "homepage": "http://www.chrisnoden.com"
                }
            ],
            "description": "Logging and messaging library that builds upon Psr-3 with Growl, Prowl, Html and other modules",
            "homepage": "https://github.com/chrisnoden/talkback",
            "keywords": [
                "growl",
                "logging",
                "prowl",
                "psr-3"
            ],
            "time": "2013-06-24 17:25:34"
        },
        {
            "name": "mobiledetect/mobiledetectlib",
            "version": "2.6.2",
            "source": {
                "type": "git",
                "url": "https://github.com/serbanghita/Mobile-Detect.git",
                "reference": "2.6.2"
            },
            "dist": {
                "type": "zip",
                "url": "https://api.github.com/repos/serbanghita/Mobile-Detect/zipball/2.6.2",
                "reference": "2.6.2",
                "shasum": ""
            },
            "require": {
                "php": ">=5.0.0"
            },
            "type": "library",
            "autoload": {
                "classmap": [
                    "Mobile_Detect.php"
                ]
            },
            "notification-url": "https://packagist.org/downloads/",
            "license": [
                "MIT"
            ],
            "authors": [
                {
                    "name": "Serban Ghita",
                    "email": "serbanghita@gmail.com",
                    "homepage": "http://mobiledetect.net",
                    "role": "Developer"
                }
            ],
            "description": "Mobile_Detect is a lightweight PHP class for detecting mobile devices. It uses the User-Agent string combined with specific HTTP headers to detect the mobile environment.",
            "homepage": "https://github.com/serbanghita/Mobile-Detect",
            "keywords": [
                "detect mobile devices",
                "mobile",
                "mobile detect",
                "mobile detector",
                "php mobile detect"
            ],
            "time": "2013-06-06 10:06:54"
        },
        {
            "name": "phing/phing",
            "version": "2.5.0",
            "source": {
                "type": "git",
                "url": "https://github.com/phingofficial/phing.git",
                "reference": "2.5.0"
            },
            "dist": {
                "type": "zip",
                "url": "https://api.github.com/repos/phingofficial/phing/zipball/2.5.0",
                "reference": "2.5.0",
                "shasum": ""
            },
            "require": {
                "php": ">=5.2.0"
            },
            "bin": [
                "bin/phing"
            ],
            "type": "library",
            "autoload": {
                "classmap": [
                    "classes/phing/"
                ]
            },
            "notification-url": "https://packagist.org/downloads/",
            "include-path": [
                "classes"
            ],
            "license": [
                "LGPL3"
            ],
            "authors": [
                {
                    "name": "Michiel Rook",
                    "email": "mrook@php.net"
                },
                {
                    "name": "Phing Community",
                    "homepage": "http://www.phing.info/trac/wiki/Development/Contributors"
                }
            ],
            "description": "PHing Is Not GNU make; it's a PHP project build system or build tool based on Apache Ant.",
            "homepage": "http://www.phing.info/",
            "keywords": [
                "build",
                "task",
                "tool"
            ],
            "time": "2013-02-16 14:23:57"
        },
        {
            "name": "propel/propel1",
            "version": "1.6.x-dev",
            "source": {
                "type": "git",
                "url": "https://github.com/propelorm/Propel.git",
                "reference": "7b8597359b1048bdd7d2e2afa4731d17b01a1716"
            },
            "dist": {
                "type": "zip",
                "url": "https://api.github.com/repos/propelorm/Propel/zipball/7b8597359b1048bdd7d2e2afa4731d17b01a1716",
                "reference": "7b8597359b1048bdd7d2e2afa4731d17b01a1716",
                "shasum": ""
            },
            "require": {
                "phing/phing": ">=2.4,<3.0",
                "php": ">=5.2.4"
            },
            "bin": [
                "generator/bin/propel-gen",
                "generator/bin/propel-gen.bat"
            ],
            "type": "library",
            "extra": {
                "branch-alias": {
                    "dev-master": "1.6-dev"
                }
            },
            "autoload": {
                "classmap": [
                    "runtime/lib",
                    "generator/lib"
                ]
            },
            "notification-url": "https://packagist.org/downloads/",
            "include-path": [
                "runtime/lib",
                "generator/lib"
            ],
            "license": [
                "MIT"
            ],
            "authors": [
                {
                    "name": "William Durand",
                    "email": "william.durand1@gmail.com",
                    "homepage": "http://www.willdurand.fr"
                }
            ],
            "description": "Propel is an open-source Object-Relational Mapping (ORM) for PHP5.",
            "homepage": "http://www.propelorm.org/",
            "keywords": [
                "Active Record",
                "database",
                "mapping",
                "orm",
                "persistence"
            ],
            "time": "2013-04-19 12:04:32"
        },
        {
            "name": "psr/log",
            "version": "1.0.0",
            "source": {
                "type": "git",
                "url": "https://github.com/php-fig/log",
                "reference": "1.0.0"
            },
            "dist": {
                "type": "zip",
                "url": "https://github.com/php-fig/log/archive/1.0.0.zip",
                "reference": "1.0.0",
                "shasum": ""
            },
            "type": "library",
            "autoload": {
                "psr-0": {
                    "Psr\\Log\\": ""
                }
            },
            "notification-url": "https://packagist.org/downloads/",
            "license": [
                "MIT"
            ],
            "authors": [
                {
                    "name": "PHP-FIG",
                    "homepage": "http://www.php-fig.org/"
                }
            ],
            "description": "Common interface for logging libraries",
            "keywords": [
                "log",
                "psr",
                "psr-3"
            ],
            "time": "2012-12-21 11:40:51"
        },
        {
            "name": "smarty/smarty",
            "version": "v3.1.13",
            "source": {
                "type": "svn",
                "url": "http://smarty-php.googlecode.com/svn",
                "reference": "/tags/v3.1.13/@4699"
            },
            "require": {
                "php": ">=5.2"
            },
            "type": "library",
            "autoload": {
                "classmap": [
                    "distribution/libs/Smarty.class.php",
                    "distribution/libs/SmartyBC.class.php"
                ]
            },
            "notification-url": "https://packagist.org/downloads/",
            "license": [
                "LGPL-3.0"
            ],
            "authors": [
                {
                    "name": "Monte Ohrt",
                    "email": "monte@ohrt.com"
                },
                {
                    "name": "Uwe Tews",
                    "email": "uwe.tews@googlemail.com"
                },
                {
                    "name": "Rodney Rehm",
                    "email": "rodney.rehm@medialize.de"
                }
            ],
            "description": "Smarty - the compiling PHP template engine",
            "homepage": "http://www.smarty.net",
            "keywords": [
                "templating"
            ],
            "time": "2013-01-26 12:03:52"
        },
        {
            "name": "symfony/config",
            "version": "2.2.x-dev",
            "target-dir": "Symfony/Component/Config",
            "source": {
                "type": "git",
                "url": "https://github.com/symfony/Config.git",
                "reference": "v2.2.3"
            },
            "dist": {
                "type": "zip",
                "url": "https://api.github.com/repos/symfony/Config/zipball/v2.2.3",
                "reference": "v2.2.3",
                "shasum": ""
            },
            "require": {
                "php": ">=5.3.3"
            },
            "type": "library",
            "extra": {
                "branch-alias": {
                    "dev-master": "2.2-dev"
                }
            },
            "autoload": {
                "psr-0": {
                    "Symfony\\Component\\Config\\": ""
                }
            },
            "notification-url": "https://packagist.org/downloads/",
            "license": [
                "MIT"
            ],
            "authors": [
                {
                    "name": "Fabien Potencier",
                    "email": "fabien@symfony.com"
                },
                {
                    "name": "Symfony Community",
                    "homepage": "http://symfony.com/contributors"
                }
            ],
            "description": "Symfony Config Component",
            "homepage": "http://symfony.com",
            "time": "2013-05-10 18:08:31"
        },
        {
            "name": "symfony/http-foundation",
            "version": "2.2.x-dev",
            "target-dir": "Symfony/Component/HttpFoundation",
            "source": {
                "type": "git",
                "url": "https://github.com/symfony/HttpFoundation.git",
                "reference": "v2.2.3"
            },
            "dist": {
                "type": "zip",
                "url": "https://api.github.com/repos/symfony/HttpFoundation/zipball/v2.2.3",
                "reference": "v2.2.3",
                "shasum": ""
            },
            "require": {
                "php": ">=5.3.3"
            },
            "type": "library",
            "extra": {
                "branch-alias": {
                    "dev-master": "2.2-dev"
                }
            },
            "autoload": {
                "psr-0": {
                    "Symfony\\Component\\HttpFoundation\\": ""
                },
                "classmap": [
                    "Symfony/Component/HttpFoundation/Resources/stubs"
                ]
            },
            "notification-url": "https://packagist.org/downloads/",
            "license": [
                "MIT"
            ],
            "authors": [
                {
                    "name": "Fabien Potencier",
                    "email": "fabien@symfony.com"
                },
                {
                    "name": "Symfony Community",
                    "homepage": "http://symfony.com/contributors"
                }
            ],
            "description": "Symfony HttpFoundation Component",
            "homepage": "http://symfony.com",
            "time": "2013-06-13 12:48:26"
        },
        {
            "name": "symfony/routing",
            "version": "2.2.x-dev",
            "target-dir": "Symfony/Component/Routing",
            "source": {
                "type": "git",
                "url": "https://github.com/symfony/Routing.git",
                "reference": "844f21ea5370dcb58abd65dbc66b4849fb090c1d"
            },
            "dist": {
                "type": "zip",
                "url": "https://api.github.com/repos/symfony/Routing/zipball/844f21ea5370dcb58abd65dbc66b4849fb090c1d",
                "reference": "844f21ea5370dcb58abd65dbc66b4849fb090c1d",
                "shasum": ""
            },
            "require": {
                "php": ">=5.3.3"
            },
            "require-dev": {
                "doctrine/common": ">=2.2,<3.0",
                "psr/log": ">=1.0,<2.0",
                "symfony/config": ">=2.2,<2.3-dev",
                "symfony/yaml": ">=2.0,<3.0"
            },
            "suggest": {
                "doctrine/common": "~2.2",
                "symfony/config": "2.2.*",
                "symfony/yaml": "2.2.*"
            },
            "type": "library",
            "extra": {
                "branch-alias": {
                    "dev-master": "2.2-dev"
                }
            },
            "autoload": {
                "psr-0": {
                    "Symfony\\Component\\Routing\\": ""
                }
            },
            "notification-url": "https://packagist.org/downloads/",
            "license": [
                "MIT"
            ],
            "authors": [
                {
                    "name": "Fabien Potencier",
                    "email": "fabien@symfony.com"
                },
                {
                    "name": "Symfony Community",
                    "homepage": "http://symfony.com/contributors"
                }
            ],
            "description": "Symfony Routing Component",
            "homepage": "http://symfony.com",
            "time": "2013-06-23 06:56:04"
        },
        {
            "name": "symfony/yaml",
            "version": "2.2.x-dev",
            "target-dir": "Symfony/Component/Yaml",
            "source": {
                "type": "git",
                "url": "https://github.com/symfony/Yaml.git",
                "reference": "v2.2.3"
            },
            "dist": {
                "type": "zip",
                "url": "https://api.github.com/repos/symfony/Yaml/zipball/v2.2.3",
                "reference": "v2.2.3",
                "shasum": ""
            },
            "require": {
                "php": ">=5.3.3"
            },
            "type": "library",
            "extra": {
                "branch-alias": {
                    "dev-master": "2.2-dev"
                }
            },
            "autoload": {
                "psr-0": {
                    "Symfony\\Component\\Yaml\\": ""
                }
            },
            "notification-url": "https://packagist.org/downloads/",
            "license": [
                "MIT"
            ],
            "authors": [
                {
                    "name": "Fabien Potencier",
                    "email": "fabien@symfony.com"
                },
                {
                    "name": "Symfony Community",
                    "homepage": "http://symfony.com/contributors"
                }
            ],
            "description": "Symfony Yaml Component",
            "homepage": "http://symfony.com",
            "time": "2013-05-10 18:08:31"
        },
        {
            "name": "twig/twig",
            "version": "dev-master",
            "source": {
                "type": "git",
                "url": "https://github.com/fabpot/Twig.git",
                "reference": "6f753205834b511269a97fe35108bbd5c8d245f5"
            },
            "dist": {
                "type": "zip",
                "url": "https://api.github.com/repos/fabpot/Twig/zipball/6f753205834b511269a97fe35108bbd5c8d245f5",
                "reference": "6f753205834b511269a97fe35108bbd5c8d245f5",
                "shasum": ""
            },
            "require": {
                "php": ">=5.2.4"
            },
            "type": "library",
            "extra": {
                "branch-alias": {
                    "dev-master": "1.13-dev"
                }
            },
            "autoload": {
                "psr-0": {
                    "Twig_": "lib/"
                }
            },
            "notification-url": "https://packagist.org/downloads/",
            "license": [
                "BSD-3"
            ],
            "authors": [
                {
                    "name": "Fabien Potencier",
                    "email": "fabien@symfony.com"
                },
                {
                    "name": "Armin Ronacher",
                    "email": "armin.ronacher@active-4.com"
                }
            ],
            "description": "Twig, the flexible, fast, and secure template language for PHP",
            "homepage": "http://twig.sensiolabs.org",
            "keywords": [
                "templating"
            ],
            "time": "2013-06-09 06:03:21"
        },
        {
            "name": "wp-cli/php-cli-tools",
            "version": "dev-master",
            "source": {
                "type": "git",
                "url": "https://github.com/wp-cli/php-cli-tools.git",
                "reference": "c14d0bfad917bef1e05bcc2333ef6943c43b9061"
            },
            "dist": {
                "type": "zip",
                "url": "https://api.github.com/repos/wp-cli/php-cli-tools/zipball/c14d0bfad917bef1e05bcc2333ef6943c43b9061",
                "reference": "c14d0bfad917bef1e05bcc2333ef6943c43b9061",
                "shasum": ""
            },
            "require": {
                "php": ">= 5.3.0"
            },
            "type": "library",
            "autoload": {
                "psr-0": {
                    "cli": "lib/"
                },
                "files": [
                    "lib/cli/cli.php"
                ]
            },
            "notification-url": "https://packagist.org/downloads/",
            "license": [
                "MIT"
            ],
            "authors": [
                {
                    "name": "James Logsdon",
                    "email": "jlogsdon@php.net",
                    "role": "Developer"
                }
            ],
            "description": "Console utilities for PHP",
            "homepage": "http://github.com/jlogsdon/php-cli-tools",
            "keywords": [
                "cli",
                "console"
            ],
            "time": "2013-06-23 17:55:08"
        }
    ],
    "packages-dev": [

    ],
    "aliases": [

    ],
    "minimum-stability": "dev",
    "stability-flags": {
        "chrisnoden/synergy": 20
    },
    "platform": {
        "php": ">=5.3.21"
    },
    "platform-dev": [

    ]
}
